{
    "_readme": [
        "This file locks the dependencies of your project to a known state",
        "Read more about it at https://getcomposer.org/doc/01-basic-usage.md#installing-dependencies",
        "This file is @generated automatically"
    ],
    "content-hash": "76762eb645dce04e1858056423d91c97",
    "packages": [],
    "packages-dev": [
        {
            "name": "consolidation/comments",
            "version": "dev-master",
            "source": {
                "type": "git",
                "url": "https://github.com/consolidation/comments.git",
                "reference": "a27cf1c3c02722b08468a70fdba2aae58b86fb2e"
            },
            "dist": {
                "type": "zip",
                "url": "https://api.github.com/repos/consolidation/comments/zipball/a27cf1c3c02722b08468a70fdba2aae58b86fb2e",
                "reference": "a27cf1c3c02722b08468a70fdba2aae58b86fb2e",
                "shasum": ""
            },
            "require": {
                "php": ">=5.5.0"
            },
            "require-dev": {
                "php-coveralls/php-coveralls": "^1.0",
                "phpunit/php-code-coverage": "~2|~4",
                "phpunit/phpunit": "^4.8.36",
                "squizlabs/php_codesniffer": "^2.8",
                "symfony/yaml": "^3.1"
            },
            "type": "library",
            "extra": {
                "branch-alias": {
                    "dev-master": "1.x-dev"
                }
            },
            "autoload": {
                "psr-4": {
                    "Consolidation\\Comments\\": "src"
                }
            },
            "notification-url": "https://packagist.org/downloads/",
            "license": [
                "MIT"
            ],
            "authors": [
                {
                    "name": "Greg Anderson",
                    "email": "greg.1.anderson@greenknowe.org"
                }
            ],
            "description": "A tool for preserving comments, e.g. when parsing YAML files.",
            "time": "2020-01-15T17:48:27+00:00"
        },
        {
            "name": "lemberg/draft-environment",
            "version": "3.x-dev",
            "source": {
                "type": "git",
                "url": "https://github.com/lemberg/draft-environment.git",
                "reference": "b6968a89d39077abc1917474c7a89d22aefc3eb9"
            },
            "dist": {
                "type": "zip",
                "url": "https://api.github.com/repos/lemberg/draft-environment/zipball/b6968a89d39077abc1917474c7a89d22aefc3eb9",
                "reference": "b6968a89d39077abc1917474c7a89d22aefc3eb9",
                "shasum": ""
            },
            "require": {
                "composer-plugin-api": "^1.1",
                "consolidation/comments": "dev-patch-1",
                "nette/robot-loader": "^3.2",
                "php": "^7.2",
                "symfony/filesystem": "^3.4 || ^4.4 || ^5",
                "symfony/yaml": "^3.4 || ^4.4 || ^5"
            },
            "require-dev": {
                "composer/composer": "^1.10",
                "dealerdirect/phpcodesniffer-composer-installer": "^0.6.0",
                "dg/bypass-finals": "^1.1",
                "drupal/coder": "^8.3.8",
                "ergebnis/composer-normalize": "^2.3",
                "ergebnis/phpstan-rules": "^0.14",
                "mikey179/vfsstream": "^1.6",
                "php-mock/php-mock-phpunit": "^2.5",
                "php-parallel-lint/php-parallel-lint": "^1.2",
                "phpro/grumphp": "^0.18.0",
                "phpstan/extension-installer": "^1.0.4",
                "phpstan/phpstan": "^0.12",
                "phpstan/phpstan-deprecation-rules": "^0.12",
                "phpstan/phpstan-phpunit": "^0.12",
                "phpstan/phpstan-strict-rules": "^0.12",
                "phpunit/phpunit": "^8.5 || ~9.0.0",
                "slam/phpstan-extensions": "^5.0",
                "thecodingmachine/phpstan-strict-rules": "^0.12"
            },
            "type": "composer-plugin",
            "extra": {
                "class": "Lemberg\\Draft\\Environment\\Composer\\Plugin",
                "draft-environment": {
                    "already-installed": true,
                    "last-update-weight": 3
                }
            },
            "autoload": {
                "psr-4": {
                    "Lemberg\\Draft\\Environment\\": "src/"
                }
            },
            "notification-url": "https://packagist.org/downloads/",
            "license": [
                "GPL-2.0-or-later"
            ],
            "description": "Development environment for Draft Drupal.",
            "time": "2020-04-27T14:59:25+00:00"
        },
        {
            "name": "nette/finder",
            "version": "v2.5.2",
            "source": {
                "type": "git",
                "url": "https://github.com/nette/finder.git",
                "reference": "4ad2c298eb8c687dd0e74ae84206a4186eeaed50"
            },
            "dist": {
                "type": "zip",
                "url": "https://api.github.com/repos/nette/finder/zipball/4ad2c298eb8c687dd0e74ae84206a4186eeaed50",
                "reference": "4ad2c298eb8c687dd0e74ae84206a4186eeaed50",
                "shasum": ""
            },
            "require": {
                "nette/utils": "^2.4 || ^3.0",
                "php": ">=7.1"
            },
            "conflict": {
                "nette/nette": "<2.2"
            },
            "require-dev": {
                "nette/tester": "^2.0",
                "phpstan/phpstan": "^0.12",
                "tracy/tracy": "^2.3"
            },
            "type": "library",
            "extra": {
                "branch-alias": {
                    "dev-master": "2.5-dev"
                }
            },
            "autoload": {
                "classmap": [
                    "src/"
                ]
            },
            "notification-url": "https://packagist.org/downloads/",
            "license": [
                "BSD-3-Clause",
                "GPL-2.0",
                "GPL-3.0"
            ],
            "authors": [
                {
                    "name": "David Grudl",
                    "homepage": "https://davidgrudl.com"
                },
                {
                    "name": "Nette Community",
                    "homepage": "https://nette.org/contributors"
                }
            ],
            "description": "🔍 Nette Finder: find files and directories with an intuitive API.",
            "homepage": "https://nette.org",
            "keywords": [
                "filesystem",
                "glob",
                "iterator",
                "nette"
            ],
            "time": "2020-01-03T20:35:40+00:00"
        },
        {
            "name": "nette/robot-loader",
            "version": "v3.2.3",
            "source": {
                "type": "git",
                "url": "https://github.com/nette/robot-loader.git",
                "reference": "726c462e73e739e965ec654a667407074cfe83c0"
            },
            "dist": {
                "type": "zip",
                "url": "https://api.github.com/repos/nette/robot-loader/zipball/726c462e73e739e965ec654a667407074cfe83c0",
                "reference": "726c462e73e739e965ec654a667407074cfe83c0",
                "shasum": ""
            },
            "require": {
                "ext-tokenizer": "*",
                "nette/finder": "^2.5 || ^3.0",
                "nette/utils": "^3.0",
                "php": ">=7.1"
            },
            "require-dev": {
                "nette/tester": "^2.0",
                "phpstan/phpstan": "^0.12",
                "tracy/tracy": "^2.3"
            },
            "type": "library",
            "extra": {
                "branch-alias": {
                    "dev-master": "3.2-dev"
                }
            },
            "autoload": {
                "classmap": [
                    "src/"
                ]
            },
            "notification-url": "https://packagist.org/downloads/",
            "license": [
                "BSD-3-Clause",
                "GPL-2.0-only",
                "GPL-3.0-only"
            ],
            "authors": [
                {
                    "name": "David Grudl",
                    "homepage": "https://davidgrudl.com"
                },
                {
                    "name": "Nette Community",
                    "homepage": "https://nette.org/contributors"
                }
            ],
            "description": "🍀 Nette RobotLoader: high performance and comfortable autoloader that will search and autoload classes within your application.",
            "homepage": "https://nette.org",
            "keywords": [
                "autoload",
                "class",
                "interface",
                "nette",
                "trait"
            ],
            "time": "2020-02-28T13:10:07+00:00"
        },
        {
            "name": "nette/utils",
            "version": "v3.1.1",
            "source": {
                "type": "git",
                "url": "https://github.com/nette/utils.git",
                "reference": "2c17d16d8887579ae1c0898ff94a3668997fd3eb"
            },
            "dist": {
                "type": "zip",
                "url": "https://api.github.com/repos/nette/utils/zipball/2c17d16d8887579ae1c0898ff94a3668997fd3eb",
                "reference": "2c17d16d8887579ae1c0898ff94a3668997fd3eb",
                "shasum": ""
            },
            "require": {
                "php": ">=7.1"
            },
            "require-dev": {
                "nette/tester": "~2.0",
                "phpstan/phpstan": "^0.12",
                "tracy/tracy": "^2.3"
            },
            "suggest": {
                "ext-gd": "to use Image",
                "ext-iconv": "to use Strings::webalize() and toAscii()",
                "ext-intl": "to use Strings::webalize(), toAscii(), normalize() and compare()",
                "ext-json": "to use Nette\\Utils\\Json",
                "ext-mbstring": "to use Strings::lower() etc...",
                "ext-tokenizer": "to use Nette\\Utils\\Reflection::getUseStatements()",
                "ext-xml": "to use Strings::length() etc. when mbstring is not available"
            },
            "type": "library",
            "extra": {
                "branch-alias": {
                    "dev-master": "3.1-dev"
                }
            },
            "autoload": {
                "classmap": [
                    "src/"
                ]
            },
            "notification-url": "https://packagist.org/downloads/",
            "license": [
                "BSD-3-Clause",
                "GPL-2.0-only",
                "GPL-3.0-only"
            ],
            "authors": [
                {
                    "name": "David Grudl",
                    "homepage": "https://davidgrudl.com"
                },
                {
                    "name": "Nette Community",
                    "homepage": "https://nette.org/contributors"
                }
            ],
            "description": "🛠 Nette Utils: lightweight utilities for string & array manipulation, image handling, safe JSON encoding/decoding, validation, slug or strong password generating etc.",
            "homepage": "https://nette.org",
            "keywords": [
                "array",
                "core",
                "datetime",
                "images",
                "json",
                "nette",
                "paginator",
                "password",
                "slugify",
                "string",
                "unicode",
                "utf-8",
                "utility",
                "validation"
            ],
            "time": "2020-02-09T14:10:55+00:00"
        },
        {
            "name": "symfony/filesystem",
            "version": "v5.0.7",
            "source": {
                "type": "git",
                "url": "https://github.com/symfony/filesystem.git",
                "reference": "ca3b87dd09fff9b771731637f5379965fbfab420"
            },
            "dist": {
                "type": "zip",
                "url": "https://api.github.com/repos/symfony/filesystem/zipball/ca3b87dd09fff9b771731637f5379965fbfab420",
                "reference": "ca3b87dd09fff9b771731637f5379965fbfab420",
                "shasum": ""
            },
            "require": {
                "php": "^7.2.5",
                "symfony/polyfill-ctype": "~1.8"
            },
            "type": "library",
            "extra": {
                "branch-alias": {
                    "dev-master": "5.0-dev"
                }
            },
            "autoload": {
                "psr-4": {
                    "Symfony\\Component\\Filesystem\\": ""
                },
                "exclude-from-classmap": [
                    "/Tests/"
                ]
            },
            "notification-url": "https://packagist.org/downloads/",
            "license": [
                "MIT"
            ],
            "authors": [
                {
                    "name": "Fabien Potencier",
                    "email": "fabien@symfony.com"
                },
                {
                    "name": "Symfony Community",
                    "homepage": "https://symfony.com/contributors"
                }
            ],
            "description": "Symfony Filesystem Component",
            "homepage": "https://symfony.com",
            "funding": [
                {
                    "url": "https://symfony.com/sponsor",
                    "type": "custom"
                },
                {
                    "url": "https://github.com/fabpot",
                    "type": "github"
                },
                {
                    "url": "https://tidelift.com/funding/github/packagist/symfony/symfony",
                    "type": "tidelift"
                }
            ],
            "time": "2020-03-27T16:56:45+00:00"
        },
        {
            "name": "symfony/polyfill-ctype",
            "version": "v1.15.0",
            "source": {
                "type": "git",
                "url": "https://github.com/symfony/polyfill-ctype.git",
                "reference": "4719fa9c18b0464d399f1a63bf624b42b6fa8d14"
            },
            "dist": {
                "type": "zip",
                "url": "https://api.github.com/repos/symfony/polyfill-ctype/zipball/4719fa9c18b0464d399f1a63bf624b42b6fa8d14",
                "reference": "4719fa9c18b0464d399f1a63bf624b42b6fa8d14",
                "shasum": ""
            },
            "require": {
                "php": ">=5.3.3"
            },
            "suggest": {
                "ext-ctype": "For best performance"
            },
            "type": "library",
            "extra": {
                "branch-alias": {
                    "dev-master": "1.15-dev"
                }
            },
            "autoload": {
                "psr-4": {
                    "Symfony\\Polyfill\\Ctype\\": ""
                },
                "files": [
                    "bootstrap.php"
                ]
            },
            "notification-url": "https://packagist.org/downloads/",
            "license": [
                "MIT"
            ],
            "authors": [
                {
                    "name": "Gert de Pagter",
                    "email": "BackEndTea@gmail.com"
                },
                {
                    "name": "Symfony Community",
                    "homepage": "https://symfony.com/contributors"
                }
            ],
            "description": "Symfony polyfill for ctype functions",
            "homepage": "https://symfony.com",
            "keywords": [
                "compatibility",
                "ctype",
                "polyfill",
                "portable"
            ],
            "funding": [
                {
                    "url": "https://symfony.com/sponsor",
                    "type": "custom"
                },
                {
                    "url": "https://github.com/fabpot",
                    "type": "github"
                },
                {
                    "url": "https://tidelift.com/funding/github/packagist/symfony/symfony",
                    "type": "tidelift"
                }
            ],
            "time": "2020-02-27T09:26:54+00:00"
        },
        {
            "name": "symfony/yaml",
            "version": "v5.0.7",
            "source": {
                "type": "git",
                "url": "https://github.com/symfony/yaml.git",
                "reference": "ad5e9c83ade5bbb3a96a3f30588a0622708caefd"
            },
            "dist": {
                "type": "zip",
                "url": "https://api.github.com/repos/symfony/yaml/zipball/ad5e9c83ade5bbb3a96a3f30588a0622708caefd",
                "reference": "ad5e9c83ade5bbb3a96a3f30588a0622708caefd",
                "shasum": ""
            },
            "require": {
                "php": "^7.2.5",
                "symfony/polyfill-ctype": "~1.8"
            },
            "conflict": {
                "symfony/console": "<4.4"
            },
            "require-dev": {
                "symfony/console": "^4.4|^5.0"
            },
            "suggest": {
                "symfony/console": "For validating YAML files using the lint command"
            },
            "type": "library",
            "extra": {
                "branch-alias": {
                    "dev-master": "5.0-dev"
                }
            },
            "autoload": {
                "psr-4": {
                    "Symfony\\Component\\Yaml\\": ""
                },
                "exclude-from-classmap": [
                    "/Tests/"
                ]
            },
            "notification-url": "https://packagist.org/downloads/",
            "license": [
                "MIT"
            ],
            "authors": [
                {
                    "name": "Fabien Potencier",
                    "email": "fabien@symfony.com"
                },
                {
                    "name": "Symfony Community",
                    "homepage": "https://symfony.com/contributors"
                }
            ],
            "description": "Symfony Yaml Component",
            "homepage": "https://symfony.com",
            "funding": [
                {
                    "url": "https://symfony.com/sponsor",
                    "type": "custom"
                },
                {
                    "url": "https://github.com/fabpot",
                    "type": "github"
                },
                {
                    "url": "https://tidelift.com/funding/github/packagist/symfony/symfony",
                    "type": "tidelift"
                }
            ],
            "time": "2020-03-30T11:42:42+00:00"
        }
    ],
    "aliases": [
        {
            "alias": "dev-patch-1",
            "alias_normalized": "dev-patch-1",
            "version": "9999999-dev",
            "package": "consolidation/comments"
        }
    ],
    "minimum-stability": "dev",
    "stability-flags": {
        "consolidation/comments": 20,
        "lemberg/draft-environment": 20
    },
    "prefer-stable": true,
    "prefer-lowest": false,
    "platform": [],
    "platform-dev": [],
    "platform-overrides": {
        "php": "7.3.0"
    },
    "plugin-api-version": "1.1.0"
}
